<?xml version="1.0" encoding="utf-8"?>
<Project ToolsVersion="4.0" xmlns="http://schemas.microsoft.com/developer/msbuild/2003">
  <ItemGroup>
    <ClCompile Include="AudioManager.cpp">
      <Filter>Cpp</Filter>
    </ClCompile>
    <ClCompile Include="AutomaticDoor.cpp">
      <Filter>Cpp</Filter>
    </ClCompile>
    <ClCompile Include="Bunny.cpp">
      <Filter>Cpp</Filter>
    </ClCompile>
    <ClCompile Include="CollidingObject.cpp">
      <Filter>Cpp</Filter>
    </ClCompile>
    <ClCompile Include="GameObject.cpp">
      <Filter>Cpp</Filter>
    </ClCompile>
    <ClCompile Include="main.cpp">
      <Filter>Cpp</Filter>
    </ClCompile>
    <ClCompile Include="MovingStraightObject.cpp">
      <Filter>Cpp</Filter>
    </ClCompile>
    <ClCompile Include="ObstaclesSpawner.cpp">
      <Filter>Cpp</Filter>
    </ClCompile>
    <ClCompile Include="Obstacle.cpp">
      <Filter>Cpp</Filter>
    </ClCompile>
    <ClCompile Include="PressurePlate.cpp">
      <Filter>Cpp</Filter>
    </ClCompile>
    <ClCompile Include="PushableObject.cpp">
      <Filter>Cpp</Filter>
    </ClCompile>
    <ClCompile Include="ScreenManager.cpp">
      <Filter>Cpp</Filter>
    </ClCompile>
    <ClCompile Include="Simulation.cpp">
      <Filter>Cpp</Filter>
    </ClCompile>
    <ClCompile Include="StaticCollider.cpp">
      <Filter>Cpp</Filter>
    </ClCompile>
    <ClCompile Include="TimeUtils.cpp">
      <Filter>Cpp</Filter>
    </ClCompile>
    <ClCompile Include="StaticCollider.h">
      <Filter>Headers\GameObjects</Filter>
    </ClCompile>
    <ClCompile Include="LevelEndFlag.h">
      <Filter>Headers\GameObjects</Filter>
    </ClCompile>
    <ClCompile Include="PushableObject.h">
      <Filter>Headers\GameObjects</Filter>
    </ClCompile>
    <ClCompile Include="RandomUtils.h">
      <Filter>Headers\Utility</Filter>
    </ClCompile>
    <ClCompile Include="LevelEndFlag.cpp">
      <Filter>Cpp</Filter>
    </ClCompile>
  </ItemGroup>
  <ItemGroup>
    <ClInclude Include="AutomaticDoor.h">
      <Filter>Headers\GameObjects</Filter>
    </ClInclude>
    <ClInclude Include="Bunny.h">
      <Filter>Headers\GameObjects</Filter>
    </ClInclude>
    <ClInclude Include="CollidingObject.h">
      <Filter>Headers\GameObjects</Filter>
    </ClInclude>
    <ClInclude Include="GameObject.h">
      <Filter>Headers\GameObjects</Filter>
    </ClInclude>
    <ClInclude Include="Event.h">
      <Filter>Headers\General</Filter>
    </ClInclude>
    <ClInclude Include="Simulation.h">
      <Filter>Headers\Simulation</Filter>
    </ClInclude>
    <ClInclude Include="TimeUtils.h">
      <Filter>Headers\Utility</Filter>
    </ClInclude>
    <ClInclude Include="VariableSizeCollider.h">
      <Filter>Headers\GameObjects</Filter>
    </ClInclude>
    <ClInclude Include="Singleton.h">
      <Filter>Headers\General</Filter>
    </ClInclude>
    <ClInclude Include="GridDirection.h">
      <Filter>Headers\Simulation</Filter>
    </ClInclude>
    <ClInclude Include="InputUtils.h">
      <Filter>Headers\Utility</Filter>
    </ClInclude>
    <ClInclude Include="MovingStraightObject.h">
      <Filter>Headers\GameObjects</Filter>
    </ClInclude>
    <ClInclude Include="Obstacle.h">
      <Filter>Headers\GameObjects</Filter>
    </ClInclude>
    <ClInclude Include="ObstaclesSpawner.h">
      <Filter>Headers\GameObjects</Filter>
    </ClInclude>
    <ClInclude Include="Persistence.h">
      <Filter>Headers\Utility</Filter>
    </ClInclude>
    <ClInclude Include="PressurePlate.h">
      <Filter>Headers\GameObjects</Filter>
    </ClInclude>
    <ClInclude Include="ScreenManager.h">
      <Filter>Headers\Simulation</Filter>
    </ClInclude>
    <ClInclude Include="AudioManager.h">
      <Filter>Headers\Simulation</Filter>
    </ClInclude>
    <ClInclude Include="Config.h">
      <Filter>Headers</Filter>
    </ClInclude>
    <ClInclude Include="PuzzleLevel.h">
      <Filter>Headers\Levels</Filter>
    </ClInclude>
    <ClInclude Include="ILevel.h">
      <Filter>Headers\Levels</Filter>
    </ClInclude>
    <ClInclude Include="ObstaclesLevel.h">
      <Filter>Headers\Levels</Filter>
    </ClInclude>
    <ClInclude Include="MainMenuUtils.h">
      <Filter>Headers\Utility</Filter>
    </ClInclude>
  </ItemGroup>
  <ItemGroup>
    <Text Include="background1.txt">
      <Filter>Sources</Filter>
    </Text>
    <Text Include="background2.txt">
      <Filter>Sources</Filter>
    </Text>
    <Text Include="gameover-screen.txt">
      <Filter>Sources</Filter>
    </Text>
  </ItemGroup>
  <ItemGroup>
    <Filter Include="Headers">
      <UniqueIdentifier>{dffad9bd-737f-4505-ad81-2927991dfdec}</UniqueIdentifier>
    </Filter>
    <Filter Include="Cpp">
      <UniqueIdentifier>{87ec2dc9-7555-4731-917b-cd8b69da6279}</UniqueIdentifier>
    </Filter>
    <Filter Include="Sources">
      <UniqueIdentifier>{1b8bcd06-94bb-40de-aa99-f77a95cd2d76}</UniqueIdentifier>
    </Filter>
    <Filter Include="Headers\GameObjects">
      <UniqueIdentifier>{2b8dc2b2-3b26-41cb-ba2d-aae18c8054ea}</UniqueIdentifier>
    </Filter>
    <Filter Include="Headers\General">
      <UniqueIdentifier>{ebb07b12-15c9-4b45-bc4c-10bf6b665bf2}</UniqueIdentifier>
    </Filter>
    <Filter Include="Headers\Utility">
      <UniqueIdentifier>{a8b72d00-09fb-42d0-aa94-da70f2b6a4c7}</UniqueIdentifier>
    </Filter>
    <Filter Include="Headers\Simulation">
      <UniqueIdentifier>{d30d73f0-056c-4c66-b806-9a400568a9de}</UniqueIdentifier>
    </Filter>
    <Filter Include="Headers\Levels">
      <UniqueIdentifier>{aafab2c1-bba3-4553-8da5-5c472f175f72}</UniqueIdentifier>
    </Filter>
  </ItemGroup>
</Project>