
Microsoft Visual Studio Solution File, Format Version 12.00
# Visual Studio Version 17
VisualStudioVersion = 17.9.34728.123
MinimumVisualStudioVersion = 10.0.40219.1
Project("{8BC9CEB8-8B4A-11D0-8D11-00A0C91BC942}") = "TerminalGameEngine", "TerminalGameEngine\TerminalGameEngine.vcxproj", "{E000E311-D409-48EC-A81E-94B76C54B7F5}"
	ProjectSection(ProjectDependencies) = postProject
		{1A47CF31-0A11-4AFF-A5CC-6090532A2DD8} = {1A47CF31-0A11-4AFF-A5CC-6090532A2DD8}
		{5157DDB7-0629-4687-90FA-EE31A87BB27B} = {5157DDB7-0629-4687-90FA-EE31A87BB27B}
		{D2C0D1EC-85C1-4F5C-B45F-18C838B015EE} = {D2C0D1EC-85C1-4F5C-B45F-18C838B015EE}
	EndProjectSection
EndProject
Project("{8BC9CEB8-8B4A-11D0-8D11-00A0C91BC942}") = "Platformer", "Platformer\Platformer.vcxproj", "{1A47CF31-0A11-4AFF-A5CC-6090532A2DD8}"
EndProject
Project("{8BC9CEB8-8B4A-11D0-8D11-00A0C91BC942}") = "Pong", "Pong\Pong.vcxproj", "{5157DDB7-0629-4687-90FA-EE31A87BB27B}"
EndProject
Project("{8BC9CEB8-8B4A-11D0-8D11-00A0C91BC942}") = "SpaceInvaders", "SpaceInvaders\SpaceInvaders.vcxproj", "{D2C0D1EC-85C1-4F5C-B45F-18C838B015EE}"
EndProject
Project("{8BC9CEB8-8B4A-11D0-8D11-00A0C91BC942}") = "Engine", "Engine\Engine.vcxproj", "{CEDFD7B6-32BA-46FA-9B5F-96A82968D7C2}"
EndProject
Global
	GlobalSection(SolutionConfigurationPlatforms) = preSolution
		Debug|x64 = Debug|x64
		Debug|x86 = Debug|x86
		Release|x64 = Release|x64
		Release|x86 = Release|x86
	EndGlobalSection
	GlobalSection(ProjectConfigurationPlatforms) = postSolution
		{E000E311-D409-48EC-A81E-94B76C54B7F5}.Debug|x64.ActiveCfg = Debug|x64
		{E000E311-D409-48EC-A81E-94B76C54B7F5}.Debug|x64.Build.0 = Debug|x64
		{E000E311-D409-48EC-A81E-94B76C54B7F5}.Debug|x86.ActiveCfg = Debug|Win32
		{E000E311-D409-48EC-A81E-94B76C54B7F5}.Debug|x86.Build.0 = Debug|Win32
		{E000E311-D409-48EC-A81E-94B76C54B7F5}.Release|x64.ActiveCfg = Release|x64
		{E000E311-D409-48EC-A81E-94B76C54B7F5}.Release|x64.Build.0 = Release|x64
		{E000E311-D409-48EC-A81E-94B76C54B7F5}.Release|x86.ActiveCfg = Release|Win32
		{E000E311-D409-48EC-A81E-94B76C54B7F5}.Release|x86.Build.0 = Release|Win32
		{1A47CF31-0A11-4AFF-A5CC-6090532A2DD8}.Debug|x64.ActiveCfg = Debug|x64
		{1A47CF31-0A11-4AFF-A5CC-6090532A2DD8}.Debug|x64.Build.0 = Debug|x64
		{1A47CF31-0A11-4AFF-A5CC-6090532A2DD8}.Debug|x86.ActiveCfg = Debug|Win32
		{1A47CF31-0A11-4AFF-A5CC-6090532A2DD8}.Debug|x86.Build.0 = Debug|Win32
		{1A47CF31-0A11-4AFF-A5CC-6090532A2DD8}.Release|x64.ActiveCfg = Release|x64
		{1A47CF31-0A11-4AFF-A5CC-6090532A2DD8}.Release|x64.Build.0 = Release|x64
		{1A47CF31-0A11-4AFF-A5CC-6090532A2DD8}.Release|x86.ActiveCfg = Release|Win32
		{1A47CF31-0A11-4AFF-A5CC-6090532A2DD8}.Release|x86.Build.0 = Release|Win32
		{5157DDB7-0629-4687-90FA-EE31A87BB27B}.Debug|x64.ActiveCfg = Debug|x64
		{5157DDB7-0629-4687-90FA-EE31A87BB27B}.Debug|x64.Build.0 = Debug|x64
		{5157DDB7-0629-4687-90FA-EE31A87BB27B}.Debug|x86.ActiveCfg = Debug|Win32
		{5157DDB7-0629-4687-90FA-EE31A87BB27B}.Debug|x86.Build.0 = Debug|Win32
		{5157DDB7-0629-4687-90FA-EE31A87BB27B}.Release|x64.ActiveCfg = Release|x64
		{5157DDB7-0629-4687-90FA-EE31A87BB27B}.Release|x64.Build.0 = Release|x64
		{5157DDB7-0629-4687-90FA-EE31A87BB27B}.Release|x86.ActiveCfg = Release|Win32
		{5157DDB7-0629-4687-90FA-EE31A87BB27B}.Release|x86.Build.0 = Release|Win32
		{D2C0D1EC-85C1-4F5C-B45F-18C838B015EE}.Debug|x64.ActiveCfg = Debug|x64
		{D2C0D1EC-85C1-4F5C-B45F-18C838B015EE}.Debug|x64.Build.0 = Debug|x64
		{D2C0D1EC-85C1-4F5C-B45F-18C838B015EE}.Debug|x86.ActiveCfg = Debug|Win32
		{D2C0D1EC-85C1-4F5C-B45F-18C838B015EE}.Debug|x86.Build.0 = Debug|Win32
		{D2C0D1EC-85C1-4F5C-B45F-18C838B015EE}.Release|x64.ActiveCfg = Release|x64
		{D2C0D1EC-85C1-4F5C-B45F-18C838B015EE}.Release|x64.Build.0 = Release|x64
		{D2C0D1EC-85C1-4F5C-B45F-18C838B015EE}.Release|x86.ActiveCfg = Release|Win32
		{D2C0D1EC-85C1-4F5C-B45F-18C838B015EE}.Release|x86.Build.0 = Release|Win32
		{CEDFD7B6-32BA-46FA-9B5F-96A82968D7C2}.Debug|x64.ActiveCfg = Debug|x64
		{CEDFD7B6-32BA-46FA-9B5F-96A82968D7C2}.Debug|x64.Build.0 = Debug|x64
		{CEDFD7B6-32BA-46FA-9B5F-96A82968D7C2}.Debug|x86.ActiveCfg = Debug|Win32
		{CEDFD7B6-32BA-46FA-9B5F-96A82968D7C2}.Debug|x86.Build.0 = Debug|Win32
		{CEDFD7B6-32BA-46FA-9B5F-96A82968D7C2}.Release|x64.ActiveCfg = Release|x64
		{CEDFD7B6-32BA-46FA-9B5F-96A82968D7C2}.Release|x64.Build.0 = Release|x64
		{CEDFD7B6-32BA-46FA-9B5F-96A82968D7C2}.Release|x86.ActiveCfg = Release|Win32
		{CEDFD7B6-32BA-46FA-9B5F-96A82968D7C2}.Release|x86.Build.0 = Release|Win32
	EndGlobalSection
	GlobalSection(SolutionProperties) = preSolution
		HideSolutionNode = FALSE
	EndGlobalSection
	GlobalSection(ExtensibilityGlobals) = postSolution
		SolutionGuid = {1ED92AD1-C3A2-4215-876E-BE013D4A1015}
	EndGlobalSection
EndGlobal
