<?xml version="1.0" encoding="utf-8"?>
<Project ToolsVersion="4.0" xmlns="http://schemas.microsoft.com/developer/msbuild/2003">
  <ItemGroup>
    <Filter Include="Source Files">
      <UniqueIdentifier>{4FC737F1-C7A5-4376-A066-2A32D752A2FF}</UniqueIdentifier>
      <Extensions>cpp;c;cc;cxx;c++;cppm;ixx;def;odl;idl;hpj;bat;asm;asmx</Extensions>
    </Filter>
    <Filter Include="Header Files">
      <UniqueIdentifier>{93995380-89BD-4b04-88EB-625FBE52EBFB}</UniqueIdentifier>
      <Extensions>h;hh;hpp;hxx;h++;hm;inl;inc;ipp;xsd</Extensions>
    </Filter>
    <Filter Include="Resource Files">
      <UniqueIdentifier>{67DA6AB6-F800-4c08-8B7A-83BB121AAD01}</UniqueIdentifier>
      <Extensions>rc;ico;cur;bmp;dlg;rc2;rct;bin;rgs;gif;jpg;jpeg;jpe;resx;tiff;tif;png;wav;mfcribbon-ms</Extensions>
    </Filter>
    <Filter Include="Header Files\Utils">
      <UniqueIdentifier>{4dfb34a8-8ec1-4668-ab02-db237ddf9f1a}</UniqueIdentifier>
    </Filter>
    <Filter Include="Header Files\AbstractLevel">
      <UniqueIdentifier>{c5cdb351-7872-42f8-9efb-7b6ba9f023b2}</UniqueIdentifier>
    </Filter>
    <Filter Include="Header Files\Data">
      <UniqueIdentifier>{35317ba5-c9a5-46c3-a0e0-20f49114abaf}</UniqueIdentifier>
    </Filter>
    <Filter Include="Header Files\General">
      <UniqueIdentifier>{dc07b591-4981-4b69-bbd9-d7814513580f}</UniqueIdentifier>
    </Filter>
    <Filter Include="Header Files\GenericSimulationEntities">
      <UniqueIdentifier>{043d80ad-9426-4454-9e86-6b1b5378c1b8}</UniqueIdentifier>
    </Filter>
    <Filter Include="Header Files\Managers/Helpers">
      <UniqueIdentifier>{304f143b-f3c8-4314-9f61-6ceb5f042af2}</UniqueIdentifier>
    </Filter>
    <Filter Include="Header Files\Printers">
      <UniqueIdentifier>{7ccc7b43-6b9f-4488-98bb-96335f5f3795}</UniqueIdentifier>
    </Filter>
    <Filter Include="Header Files\Simulation">
      <UniqueIdentifier>{29b7de09-9354-468a-ad17-34c928873312}</UniqueIdentifier>
    </Filter>
    <Filter Include="Header Files\Particles">
      <UniqueIdentifier>{551a517d-59fe-48fb-a863-2e62dc139a98}</UniqueIdentifier>
    </Filter>
  </ItemGroup>
  <ItemGroup>
    <ClInclude Include="Config.h">
      <Filter>Header Files</Filter>
    </ClInclude>
    <ClInclude Include="AudioManager.h">
      <Filter>Header Files\Managers/Helpers</Filter>
    </ClInclude>
    <ClInclude Include="DebugManager.h">
      <Filter>Header Files\Managers/Helpers</Filter>
    </ClInclude>
    <ClInclude Include="DebugPrinter.h">
      <Filter>Header Files\Printers</Filter>
    </ClInclude>
    <ClInclude Include="Event.h">
      <Filter>Header Files\General</Filter>
    </ClInclude>
    <ClInclude Include="FakeCollider.h">
      <Filter>Header Files\GenericSimulationEntities</Filter>
    </ClInclude>
    <ClInclude Include="Frame.h">
      <Filter>Header Files\Data</Filter>
    </ClInclude>
    <ClInclude Include="Collider.h">
      <Filter>Header Files\GenericSimulationEntities</Filter>
    </ClInclude>
    <ClInclude Include="GridDirection.h">
      <Filter>Header Files\Data</Filter>
    </ClInclude>
    <ClInclude Include="InputUtils.h">
      <Filter>Header Files\GenericSimulationEntities</Filter>
    </ClInclude>
    <ClInclude Include="ISimulationEntity.h">
      <Filter>Header Files\GenericSimulationEntities</Filter>
    </ClInclude>
    <ClInclude Include="Level.h">
      <Filter>Header Files\AbstractLevel</Filter>
    </ClInclude>
    <ClInclude Include="Printer.h">
      <Filter>Header Files\Printers</Filter>
    </ClInclude>
    <ClInclude Include="RandomUtils.h">
      <Filter>Header Files\Utils</Filter>
    </ClInclude>
    <ClInclude Include="MovingStraightObject.h">
      <Filter>Header Files\GenericSimulationEntities</Filter>
    </ClInclude>
    <ClInclude Include="Simulation.h">
      <Filter>Header Files\Simulation</Filter>
    </ClInclude>
    <ClInclude Include="SimulationPrinter.h">
      <Filter>Header Files\Simulation</Filter>
    </ClInclude>
    <ClInclude Include="Singleton.h">
      <Filter>Header Files\General</Filter>
    </ClInclude>
    <ClInclude Include="StaticCollider.h">
      <Filter>Header Files\GenericSimulationEntities</Filter>
    </ClInclude>
    <ClInclude Include="StringUtils.h">
      <Filter>Header Files\Utils</Filter>
    </ClInclude>
    <ClInclude Include="Persistence.h">
      <Filter>Header Files\Utils</Filter>
    </ClInclude>
    <ClInclude Include="Terminal.h">
      <Filter>Header Files\Simulation</Filter>
    </ClInclude>
    <ClInclude Include="TimeHelper.h">
      <Filter>Header Files\Managers/Helpers</Filter>
    </ClInclude>
    <ClInclude Include="UIPrinter.h">
      <Filter>Header Files\Printers</Filter>
    </ClInclude>
    <ClInclude Include="VariableSizeCollider.h">
      <Filter>Header Files\GenericSimulationEntities</Filter>
    </ClInclude>
    <ClInclude Include="WorldSpace.h">
      <Filter>Header Files\Simulation</Filter>
    </ClInclude>
    <ClInclude Include="ParticlesHandler.h">
      <Filter>Header Files\Particles</Filter>
    </ClInclude>
    <ClInclude Include="Particle.h">
      <Filter>Header Files\Particles</Filter>
    </ClInclude>
    <ClInclude Include="GameObject.h">
      <Filter>Header Files\GenericSimulationEntities</Filter>
    </ClInclude>
  </ItemGroup>
  <ItemGroup>
    <ClCompile Include="MovingStraightObject.cpp">
      <Filter>Source Files</Filter>
    </ClCompile>
    <ClCompile Include="AudioManager.cpp">
      <Filter>Source Files</Filter>
    </ClCompile>
    <ClCompile Include="DebugManager.cpp">
      <Filter>Source Files</Filter>
    </ClCompile>
    <ClCompile Include="Frame.cpp">
      <Filter>Source Files</Filter>
    </ClCompile>
    <ClCompile Include="Collider.cpp">
      <Filter>Source Files</Filter>
    </ClCompile>
    <ClCompile Include="Level.cpp">
      <Filter>Source Files</Filter>
    </ClCompile>
    <ClCompile Include="Simulation.cpp">
      <Filter>Source Files</Filter>
    </ClCompile>
    <ClCompile Include="SimulationPrinter.cpp">
      <Filter>Source Files</Filter>
    </ClCompile>
    <ClCompile Include="StaticCollider.cpp">
      <Filter>Source Files</Filter>
    </ClCompile>
    <ClCompile Include="Terminal.cpp">
      <Filter>Source Files</Filter>
    </ClCompile>
    <ClCompile Include="TimeHelper.cpp">
      <Filter>Source Files</Filter>
    </ClCompile>
    <ClCompile Include="UIPrinter.cpp">
      <Filter>Source Files</Filter>
    </ClCompile>
    <ClCompile Include="WorldSpace.cpp">
      <Filter>Source Files</Filter>
    </ClCompile>
    <ClCompile Include="Particle.cpp">
      <Filter>Source Files</Filter>
    </ClCompile>
    <ClCompile Include="ParticlesHandler.cpp">
      <Filter>Source Files</Filter>
    </ClCompile>
    <ClCompile Include="GameObject.cpp">
      <Filter>Source Files</Filter>
    </ClCompile>
  </ItemGroup>
</Project>