<?xml version="1.0" encoding="utf-8"?>
<Project ToolsVersion="4.0" xmlns="http://schemas.microsoft.com/developer/msbuild/2003">
  <ItemGroup>
    <ClCompile Include="main.cpp">
      <Filter>Cpp</Filter>
    </ClCompile>
    <ClCompile Include="RandomUtils.h">
      <Filter>Headers\Engine\Utils</Filter>
    </ClCompile>
    <ClCompile Include="CollisionsTestLevel.h">
      <Filter>Headers\Levels\PlatformerTypeLevels\CollisionTestLevel</Filter>
    </ClCompile>
    <ClCompile Include="LevelEndFlag.h">
      <Filter>Headers\Levels\PlatformerTypeLevels\Objects</Filter>
    </ClCompile>
    <ClCompile Include="PushableObject.h">
      <Filter>Headers\Levels\PlatformerTypeLevels\Objects</Filter>
    </ClCompile>
    <ClCompile Include="StaticCollider.h">
      <Filter>Headers\Engine\GenericSimulationEntities</Filter>
    </ClCompile>
    <ClCompile Include="Level.cpp">
      <Filter>Cpp</Filter>
    </ClCompile>
    <ClCompile Include="EndlessRunnerLevel.cpp">
      <Filter>Cpp</Filter>
    </ClCompile>
    <ClCompile Include="PuzzleLevel.cpp">
      <Filter>Cpp</Filter>
    </ClCompile>
    <ClCompile Include="AudioManager.cpp">
      <Filter>Cpp</Filter>
    </ClCompile>
    <ClCompile Include="TimeHelper.cpp">
      <Filter>Cpp</Filter>
    </ClCompile>
    <ClCompile Include="Frame.cpp">
      <Filter>Cpp</Filter>
    </ClCompile>
    <ClCompile Include="Simulation.cpp">
      <Filter>Cpp</Filter>
    </ClCompile>
    <ClCompile Include="SimulationPrinter.cpp">
      <Filter>Cpp</Filter>
    </ClCompile>
    <ClCompile Include="AutomaticDoor.cpp">
      <Filter>Cpp</Filter>
    </ClCompile>
    <ClCompile Include="Bunny.cpp">
      <Filter>Cpp</Filter>
    </ClCompile>
    <ClCompile Include="GameObject.cpp">
      <Filter>Cpp</Filter>
    </ClCompile>
    <ClCompile Include="LevelEndFlag.cpp">
      <Filter>Cpp</Filter>
    </ClCompile>
    <ClCompile Include="MovingStraightObject.cpp">
      <Filter>Cpp</Filter>
    </ClCompile>
    <ClCompile Include="Obstacle.cpp">
      <Filter>Cpp</Filter>
    </ClCompile>
    <ClCompile Include="ObstaclesSpawner.cpp">
      <Filter>Cpp</Filter>
    </ClCompile>
    <ClCompile Include="PressurePlate.cpp">
      <Filter>Cpp</Filter>
    </ClCompile>
    <ClCompile Include="StaticCollider.cpp">
      <Filter>Cpp</Filter>
    </ClCompile>
    <ClCompile Include="CollisionsTestLevel.cpp">
      <Filter>Cpp</Filter>
    </ClCompile>
    <ClCompile Include="PongLevel.cpp">
      <Filter>Cpp</Filter>
    </ClCompile>
    <ClCompile Include="PongBar.cpp">
      <Filter>Cpp</Filter>
    </ClCompile>
    <ClCompile Include="GameLoop.cpp">
      <Filter>Cpp</Filter>
    </ClCompile>
    <ClCompile Include="PongBall.cpp">
      <Filter>Cpp</Filter>
    </ClCompile>
    <ClCompile Include="Terminal.cpp">
      <Filter>Cpp</Filter>
    </ClCompile>
    <ClCompile Include="WorldSpace.cpp">
      <Filter>Cpp</Filter>
    </ClCompile>
    <ClCompile Include="DebugManager.cpp">
      <Filter>Cpp</Filter>
    </ClCompile>
  </ItemGroup>
  <ItemGroup>
    <ClInclude Include="Event.h">
      <Filter>Headers\General</Filter>
    </ClInclude>
    <ClInclude Include="Singleton.h">
      <Filter>Headers\General</Filter>
    </ClInclude>
    <ClInclude Include="InputUtils.h">
      <Filter>Headers\Engine\Utils</Filter>
    </ClInclude>
    <ClInclude Include="AudioManager.h">
      <Filter>Headers\Engine\Managers/Helpers</Filter>
    </ClInclude>
    <ClInclude Include="Config.h">
      <Filter>Headers</Filter>
    </ClInclude>
    <ClInclude Include="TimeHelper.h">
      <Filter>Headers\Engine\Managers/Helpers</Filter>
    </ClInclude>
    <ClInclude Include="Simulation.h">
      <Filter>Headers\Engine\Simulation</Filter>
    </ClInclude>
    <ClInclude Include="SimulationPrinter.h">
      <Filter>Headers\Engine\Simulation</Filter>
    </ClInclude>
    <ClInclude Include="PuzzleLevel.h">
      <Filter>Headers\Levels\PlatformerTypeLevels\PuzzleLevel</Filter>
    </ClInclude>
    <ClInclude Include="EndlessRunnerLevel.h">
      <Filter>Headers\Levels\PlatformerTypeLevels\EndlessRunnerLevel</Filter>
    </ClInclude>
    <ClInclude Include="AutomaticDoor.h">
      <Filter>Headers\Levels\PlatformerTypeLevels\Objects</Filter>
    </ClInclude>
    <ClInclude Include="Bunny.h">
      <Filter>Headers\Levels\PlatformerTypeLevels\Objects</Filter>
    </ClInclude>
    <ClInclude Include="GameObject.h">
      <Filter>Headers\Engine\GenericSimulationEntities</Filter>
    </ClInclude>
    <ClInclude Include="ISimulationUpdatingEntity.h">
      <Filter>Headers\Engine\GenericSimulationEntities</Filter>
    </ClInclude>
    <ClInclude Include="MovingStraightObject.h">
      <Filter>Headers\Engine\GenericSimulationEntities</Filter>
    </ClInclude>
    <ClInclude Include="Obstacle.h">
      <Filter>Headers\Levels\PlatformerTypeLevels\Objects</Filter>
    </ClInclude>
    <ClInclude Include="ObstaclesSpawner.h">
      <Filter>Headers\Levels\PlatformerTypeLevels\Objects</Filter>
    </ClInclude>
    <ClInclude Include="PressurePlate.h">
      <Filter>Headers\Levels\PlatformerTypeLevels\Objects</Filter>
    </ClInclude>
    <ClInclude Include="VariableSizeCollider.h">
      <Filter>Headers\Engine\GenericSimulationEntities</Filter>
    </ClInclude>
    <ClInclude Include="PongLevel.h">
      <Filter>Headers\Levels\PongLevel</Filter>
    </ClInclude>
    <ClInclude Include="Level.h">
      <Filter>Headers\Engine\Simulation</Filter>
    </ClInclude>
    <ClInclude Include="PongBar.h">
      <Filter>Headers\Levels\PongLevel\Objects</Filter>
    </ClInclude>
    <ClInclude Include="PongBall.h">
      <Filter>Headers\Levels\PongLevel\Objects</Filter>
    </ClInclude>
    <ClInclude Include="GameLoop.h">
      <Filter>Headers\Engine\Simulation</Filter>
    </ClInclude>
    <ClInclude Include="Frame.h">
      <Filter>Headers\Engine\Data</Filter>
    </ClInclude>
    <ClInclude Include="GridDirection.h">
      <Filter>Headers\Engine\Data</Filter>
    </ClInclude>
    <ClInclude Include="Terminal.h">
      <Filter>Headers\Engine\Managers/Helpers</Filter>
    </ClInclude>
    <ClInclude Include="Persistence.h">
      <Filter>Headers\Engine\Managers/Helpers</Filter>
    </ClInclude>
    <ClInclude Include="WorldSpace.h">
      <Filter>Headers\Engine\Simulation</Filter>
    </ClInclude>
    <ClInclude Include="FakeGameObejct.h">
      <Filter>Headers\Engine\Simulation</Filter>
    </ClInclude>
    <ClInclude Include="DebugManager.h">
      <Filter>Headers\Engine\Managers/Helpers</Filter>
    </ClInclude>
  </ItemGroup>
  <ItemGroup>
    <Text Include="gameover-screen.txt">
      <Filter>Headers\Levels\PlatformerTypeLevels\EndlessRunnerLevel\backgrounds</Filter>
    </Text>
    <Text Include="endlessRunnerBackground.txt">
      <Filter>Headers\Levels\PlatformerTypeLevels\EndlessRunnerLevel\backgrounds</Filter>
    </Text>
  </ItemGroup>
  <ItemGroup>
    <Filter Include="Headers">
      <UniqueIdentifier>{dffad9bd-737f-4505-ad81-2927991dfdec}</UniqueIdentifier>
    </Filter>
    <Filter Include="Cpp">
      <UniqueIdentifier>{87ec2dc9-7555-4731-917b-cd8b69da6279}</UniqueIdentifier>
    </Filter>
    <Filter Include="Headers\General">
      <UniqueIdentifier>{ebb07b12-15c9-4b45-bc4c-10bf6b665bf2}</UniqueIdentifier>
    </Filter>
    <Filter Include="Headers\Engine">
      <UniqueIdentifier>{da78289f-dbec-42e3-8f98-694083495829}</UniqueIdentifier>
    </Filter>
    <Filter Include="Headers\Engine\Managers/Helpers">
      <UniqueIdentifier>{d30d73f0-056c-4c66-b806-9a400568a9de}</UniqueIdentifier>
    </Filter>
    <Filter Include="Headers\Engine\Utils">
      <UniqueIdentifier>{a8b72d00-09fb-42d0-aa94-da70f2b6a4c7}</UniqueIdentifier>
    </Filter>
    <Filter Include="Headers\Engine\Simulation">
      <UniqueIdentifier>{d0e47c02-7222-435f-aea1-f8f088c2c7d9}</UniqueIdentifier>
    </Filter>
    <Filter Include="Headers\Levels">
      <UniqueIdentifier>{d9b5910a-aa4c-47f1-b39d-3c96f20c35d3}</UniqueIdentifier>
    </Filter>
    <Filter Include="Headers\Levels\PongLevel">
      <UniqueIdentifier>{ca770533-641d-4c91-9b82-559a1d855e6f}</UniqueIdentifier>
    </Filter>
    <Filter Include="Headers\Levels\PlatformerTypeLevels">
      <UniqueIdentifier>{426521ad-1149-465c-ae60-a4d083723ee2}</UniqueIdentifier>
    </Filter>
    <Filter Include="Headers\Levels\PlatformerTypeLevels\EndlessRunnerLevel">
      <UniqueIdentifier>{45c2ab1c-73a0-4632-8efe-b627b44fc386}</UniqueIdentifier>
    </Filter>
    <Filter Include="Headers\Levels\PlatformerTypeLevels\EndlessRunnerLevel\backgrounds">
      <UniqueIdentifier>{1b8bcd06-94bb-40de-aa99-f77a95cd2d76}</UniqueIdentifier>
    </Filter>
    <Filter Include="Headers\Levels\PlatformerTypeLevels\PuzzleLevel">
      <UniqueIdentifier>{738f0800-e61c-4c87-92e3-0a16d98ab146}</UniqueIdentifier>
    </Filter>
    <Filter Include="Headers\Levels\PlatformerTypeLevels\CollisionTestLevel">
      <UniqueIdentifier>{3cd8fea1-5b7d-4db5-8950-89a1fc6000c0}</UniqueIdentifier>
    </Filter>
    <Filter Include="Headers\Levels\PlatformerTypeLevels\Objects">
      <UniqueIdentifier>{d01b4c91-154a-4f6c-bb0b-f5d1609d73cf}</UniqueIdentifier>
    </Filter>
    <Filter Include="Headers\Levels\PongLevel\Objects">
      <UniqueIdentifier>{7939144c-3950-4813-b543-e3195ec57cdd}</UniqueIdentifier>
    </Filter>
    <Filter Include="Headers\Engine\GenericSimulationEntities">
      <UniqueIdentifier>{1ab8247e-dd74-47cc-b89d-e6350da01c5e}</UniqueIdentifier>
    </Filter>
    <Filter Include="Headers\Engine\Data">
      <UniqueIdentifier>{d9c862f6-7387-424d-bf6f-c05e301e1e79}</UniqueIdentifier>
    </Filter>
  </ItemGroup>
</Project>